# This file is autogenerated, do not edit; changes may be undone by the next 'dep ensure'.


[[projects]]
  name = "github.com/julienschmidt/httprouter"
  packages = ["."]
  revision = "8c199fb6259ffc1af525cc3ad52ee60ba8359669"
  version = "v1.1"

[[projects]]
  branch = "master"
  name = "github.com/talento90/gorpo"
  packages = ["pkg/effect","pkg/gorpo"]
  revision = "1d492907a3db6f91333136b8cbc690c6ee95def3"

[solve-meta]
  analyzer-name = "dep"
  analyzer-version = 1
  inputs-digest = "1dce470f042f7a9ec9eaa829fa0ae4c2da15a52fe0d5fa78d10ff77178aa1f36"
  solver-name = "gps-cdcl"
  solver-version = 1
